
Microsoft Visual Studio Solution File, Format Version 12.00
# Visual Studio Version 17
VisualStudioVersion = 17.14.36915.13 d17.14
MinimumVisualStudioVersion = 10.0.40219.1
Project("{FAE04EC0-301F-11D3-BF4B-00C04F79EFBC}") = "Domain", "Domain\Domain.csproj", "{5B6E3F0E-4758-4CD9-AFE7-7B8A2956674C}"
EndProject
Project("{FAE04EC0-301F-11D3-BF4B-00C04F79EFBC}") = "Application", "Application\Application.csproj", "{465ACD38-96AC-4556-B2AA-DA4966F8E1F6}"
EndProject
Project("{FAE04EC0-301F-11D3-BF4B-00C04F79EFBC}") = "Infrastructure", "Infrastructure\Infrastructure.csproj", "{3DA6BE42-62E7-40CC-9FAB-55F7BA716A9B}"
EndProject
Project("{FAE04EC0-301F-11D3-BF4B-00C04F79EFBC}") = "API", "API\API.csproj", "{C81EC3AF-2D75-42D3-B205-503E6362E7D9}"
EndProject
Global
	GlobalSection(SolutionConfigurationPlatforms) = preSolution
		Debug|Any CPU = Debug|Any CPU
		Release|Any CPU = Release|Any CPU
	EndGlobalSection
	GlobalSection(ProjectConfigurationPlatforms) = postSolution
		{5B6E3F0E-4758-4CD9-AFE7-7B8A2956674C}.Debug|Any CPU.ActiveCfg = Debug|Any CPU
		{5B6E3F0E-4758-4CD9-AFE7-7B8A2956674C}.Debug|Any CPU.Build.0 = Debug|Any CPU
		{5B6E3F0E-4758-4CD9-AFE7-7B8A2956674C}.Release|Any CPU.ActiveCfg = Release|Any CPU
		{5B6E3F0E-4758-4CD9-AFE7-7B8A2956674C}.Release|Any CPU.Build.0 = Release|Any CPU
		{465ACD38-96AC-4556-B2AA-DA4966F8E1F6}.Debug|Any CPU.ActiveCfg = Debug|Any CPU
		{465ACD38-96AC-4556-B2AA-DA4966F8E1F6}.Debug|Any CPU.Build.0 = Debug|Any CPU
		{465ACD38-96AC-4556-B2AA-DA4966F8E1F6}.Release|Any CPU.ActiveCfg = Release|Any CPU
		{465ACD38-96AC-4556-B2AA-DA4966F8E1F6}.Release|Any CPU.Build.0 = Release|Any CPU
		{3DA6BE42-62E7-40CC-9FAB-55F7BA716A9B}.Debug|Any CPU.ActiveCfg = Debug|Any CPU
		{3DA6BE42-62E7-40CC-9FAB-55F7BA716A9B}.Debug|Any CPU.Build.0 = Debug|Any CPU
		{3DA6BE42-62E7-40CC-9FAB-55F7BA716A9B}.Release|Any CPU.ActiveCfg = Release|Any CPU
		{3DA6BE42-62E7-40CC-9FAB-55F7BA716A9B}.Release|Any CPU.Build.0 = Release|Any CPU
		{C81EC3AF-2D75-42D3-B205-503E6362E7D9}.Debug|Any CPU.ActiveCfg = Debug|Any CPU
		{C81EC3AF-2D75-42D3-B205-503E6362E7D9}.Debug|Any CPU.Build.0 = Debug|Any CPU
		{C81EC3AF-2D75-42D3-B205-503E6362E7D9}.Release|Any CPU.ActiveCfg = Release|Any CPU
		{C81EC3AF-2D75-42D3-B205-503E6362E7D9}.Release|Any CPU.Build.0 = Release|Any CPU
	EndGlobalSection
	GlobalSection(SolutionProperties) = preSolution
		HideSolutionNode = FALSE
	EndGlobalSection
	GlobalSection(ExtensibilityGlobals) = postSolution
		SolutionGuid = {7F5CB462-1079-420A-9523-BAAC5AC89FDB}
	EndGlobalSection
EndGlobal
